Microsoft Visual Studio Solution File, Format Version 12.00
# Visual Studio Version 17
VisualStudioVersion = 17.5.2.0
MinimumVisualStudioVersion = 10.0.40219.1
Project("{FAE04EC0-301F-11D3-BF4B-00C04F79EFBC}") = "dotnet-crud-api", "dotnet-crud-api.csproj", "{125B8EAE-F341-13FE-1F52-C77495CDBBD3}"
EndProject
Global
	GlobalSection(SolutionConfigurationPlatforms) = preSolution
		Debug|Any CPU = Debug|Any CPU
		Release|Any CPU = Release|Any CPU
	EndGlobalSection
	GlobalSection(ProjectConfigurationPlatforms) = postSolution
		{125B8EAE-F341-13FE-1F52-C77495CDBBD3}.Debug|Any CPU.ActiveCfg = Debug|Any CPU
		{125B8EAE-F341-13FE-1F52-C77495CDBBD3}.Debug|Any CPU.Build.0 = Debug|Any CPU
		{125B8EAE-F341-13FE-1F52-C77495CDBBD3}.Release|Any CPU.ActiveCfg = Release|Any CPU
		{125B8EAE-F341-13FE-1F52-C77495CDBBD3}.Release|Any CPU.Build.0 = Release|Any CPU
	EndGlobalSection
	GlobalSection(SolutionProperties) = preSolution
		HideSolutionNode = FALSE
	EndGlobalSection
	GlobalSection(ExtensibilityGlobals) = postSolution
		SolutionGuid = {DC099C4A-3C63-422F-800E-F526D2432608}
	EndGlobalSection
EndGlobal
